
Microsoft Visual Studio Solution File, Format Version 12.00
# Visual Studio Version 16
VisualStudioVersion = 16.0.31727.386
MinimumVisualStudioVersion = 10.0.40219.1
Project("{FAE04EC0-301F-11D3-BF4B-00C04F79EFBC}") = "ImageTutorial.Android", "ImageTutorial\ImageTutorial.Android\ImageTutorial.Android.csproj", "{9F72EBCC-6130-4FCE-83A2-7CE1A76125A9}"
EndProject
Project("{FAE04EC0-301F-11D3-BF4B-00C04F79EFBC}") = "ImageTutorial", "ImageTutorial\ImageTutorial\ImageTutorial.csproj", "{1909A6E6-2D83-4517-8E7C-071D7E6B8A44}"
EndProject
Global
	GlobalSection(SolutionConfigurationPlatforms) = preSolution
		Debug|Any CPU = Debug|Any CPU
		Release|Any CPU = Release|Any CPU
	EndGlobalSection
	GlobalSection(ProjectConfigurationPlatforms) = postSolution
		{9F72EBCC-6130-4FCE-83A2-7CE1A76125A9}.Debug|Any CPU.ActiveCfg = Debug|Any CPU
		{9F72EBCC-6130-4FCE-83A2-7CE1A76125A9}.Debug|Any CPU.Build.0 = Debug|Any CPU
		{9F72EBCC-6130-4FCE-83A2-7CE1A76125A9}.Debug|Any CPU.Deploy.0 = Debug|Any CPU
		{9F72EBCC-6130-4FCE-83A2-7CE1A76125A9}.Release|Any CPU.ActiveCfg = Release|Any CPU
		{9F72EBCC-6130-4FCE-83A2-7CE1A76125A9}.Release|Any CPU.Build.0 = Release|Any CPU
		{9F72EBCC-6130-4FCE-83A2-7CE1A76125A9}.Release|Any CPU.Deploy.0 = Release|Any CPU
		{1909A6E6-2D83-4517-8E7C-071D7E6B8A44}.Debug|Any CPU.ActiveCfg = Debug|Any CPU
		{1909A6E6-2D83-4517-8E7C-071D7E6B8A44}.Debug|Any CPU.Build.0 = Debug|Any CPU
		{1909A6E6-2D83-4517-8E7C-071D7E6B8A44}.Debug|Any CPU.Deploy.0 = Debug|Any CPU
		{1909A6E6-2D83-4517-8E7C-071D7E6B8A44}.Release|Any CPU.ActiveCfg = Release|Any CPU
		{1909A6E6-2D83-4517-8E7C-071D7E6B8A44}.Release|Any CPU.Build.0 = Release|Any CPU
		{1909A6E6-2D83-4517-8E7C-071D7E6B8A44}.Release|Any CPU.Deploy.0 = Release|Any CPU
	EndGlobalSection
	GlobalSection(SolutionProperties) = preSolution
		HideSolutionNode = FALSE
	EndGlobalSection
	GlobalSection(ExtensibilityGlobals) = postSolution
		SolutionGuid = {9B2778FF-BC42-463E-8C1A-68F095FDAA4B}
	EndGlobalSection
EndGlobal
